<?xml version="1.0" encoding="utf-8"?>
<Project ToolsVersion="4.0" xmlns="http://schemas.microsoft.com/developer/msbuild/2003">
  <ItemGroup>
    <ClCompile Include="Example_01.cpp">
      <Filter>Lesson\01_프로그래밍 입문</Filter>
    </ClCompile>
    <ClCompile Include="main_01.cpp">
      <Filter>Lesson\01_프로그래밍 입문</Filter>
    </ClCompile>
    <ClCompile Include="과제2.cpp">
      <Filter>Lesson\01_프로그래밍 입문</Filter>
    </ClCompile>
    <ClCompile Include="과제 1.cpp">
      <Filter>Lesson\01_프로그래밍 입문</Filter>
    </ClCompile>
    <ClCompile Include="..\..\..\..\Desktop\과제.cpp">
      <Filter>Lesson\01_프로그래밍 입문</Filter>
    </ClCompile>
    <ClCompile Include="Example_02.cpp">
      <Filter>Lesson\02_자료형+변수+난수%28C++ 11↓%29</Filter>
    </ClCompile>
    <ClCompile Include="과제1.cpp">
      <Filter>Lesson\02_자료형+변수+난수%28C++ 11↓%29</Filter>
    </ClCompile>
    <ClCompile Include="02_과제2.cpp">
      <Filter>Lesson\02_자료형+변수+난수%28C++ 11↓%29</Filter>
    </ClCompile>
    <ClCompile Include="Example_03.cpp">
      <Filter>Lesson\03_반복문+연산자</Filter>
    </ClCompile>
    <ClCompile Include="03_과제1.cpp">
      <Filter>Lesson\03_반복문+연산자</Filter>
    </ClCompile>
    <ClCompile Include="03_과제2.cpp">
      <Filter>Lesson\03_반복문+연산자</Filter>
    </ClCompile>
    <ClCompile Include="03_과제3.cpp">
      <Filter>Lesson\03_반복문+연산자</Filter>
    </ClCompile>
    <ClCompile Include="03_과제4.cpp">
      <Filter>Lesson\03_반복문+연산자</Filter>
    </ClCompile>
    <ClCompile Include="03_과제5.cpp">
      <Filter>Lesson\03_반복문+연산자</Filter>
    </ClCompile>
    <ClCompile Include="Example_04.cpp">
      <Filter>Lesson\04_조건문</Filter>
    </ClCompile>
    <ClCompile Include="04_과제1.cpp">
      <Filter>Lesson\04_조건문</Filter>
    </ClCompile>
    <ClCompile Include="04_과제2.cpp">
      <Filter>Lesson\04_조건문</Filter>
    </ClCompile>
    <ClCompile Include="Example_05.cpp">
      <Filter>Lesson\04_조건문</Filter>
    </ClCompile>
    <ClCompile Include="04_과제3.cpp">
      <Filter>Lesson\04_조건문</Filter>
    </ClCompile>
    <ClCompile Include="Example_06.cpp">
      <Filter>Lesson\05_함수 + 변/상수 + 전처리기</Filter>
    </ClCompile>
    <ClCompile Include="Example_07.cpp">
      <Filter>Lesson\05_함수 + 변/상수 + 전처리기</Filter>
    </ClCompile>
    <ClCompile Include="05_과제1.cpp">
      <Filter>Lesson\05_함수 + 변/상수 + 전처리기</Filter>
    </ClCompile>
    <ClCompile Include="05_과제2.cpp">
      <Filter>Lesson\05_함수 + 변/상수 + 전처리기</Filter>
    </ClCompile>
    <ClCompile Include="Example_08.cpp">
      <Filter>Lesson\05_함수 + 변/상수 + 전처리기</Filter>
    </ClCompile>
    <ClCompile Include="Example_09.cpp">
      <Filter>Lesson\05_함수 + 변/상수 + 전처리기</Filter>
    </ClCompile>
    <ClCompile Include="05_과제3.cpp">
      <Filter>Lesson\05_함수 + 변/상수 + 전처리기</Filter>
    </ClCompile>
    <ClCompile Include="05_과제4.cpp">
      <Filter>Lesson\05_함수 + 변/상수 + 전처리기</Filter>
    </ClCompile>
    <ClCompile Include="Example_10.cpp">
      <Filter>Lesson\06_배열 + 난수 + 셔플</Filter>
    </ClCompile>
    <ClCompile Include="Main_02.cpp">
      <Filter>Lesson\06_배열 + 난수 + 셔플</Filter>
    </ClCompile>
    <ClCompile Include="06_과제1.cpp">
      <Filter>Lesson\06_배열 + 난수 + 셔플</Filter>
    </ClCompile>
    <ClCompile Include="06_과제2.cpp">
      <Filter>Lesson\06_배열 + 난수 + 셔플</Filter>
    </ClCompile>
    <ClCompile Include="06_과제Main.cpp">
      <Filter>Lesson\06_배열 + 난수 + 셔플</Filter>
    </ClCompile>
    <ClCompile Include="Example_11.cpp">
      <Filter>Lesson\06_배열 + 난수 + 셔플</Filter>
    </ClCompile>
    <ClCompile Include="06_과제3.cpp">
      <Filter>Lesson\06_배열 + 난수 + 셔플</Filter>
    </ClCompile>
    <ClCompile Include="06_과제4.cpp">
      <Filter>Lesson\06_배열 + 난수 + 셔플</Filter>
    </ClCompile>
    <ClCompile Include="06_과제5.cpp">
      <Filter>Lesson\06_배열 + 난수 + 셔플</Filter>
    </ClCompile>
    <ClCompile Include="06_과제6.cpp">
      <Filter>Lesson\06_배열 + 난수 + 셔플</Filter>
    </ClCompile>
    <ClCompile Include="Main_03.cpp">
      <Filter>Lesson\07_삼항 연산자 + 문자열</Filter>
    </ClCompile>
    <ClCompile Include="Example_12.cpp">
      <Filter>Lesson\07_삼항 연산자 + 문자열</Filter>
    </ClCompile>
    <ClCompile Include="07_과제Main.cpp">
      <Filter>Lesson\07_삼항 연산자 + 문자열</Filter>
    </ClCompile>
    <ClCompile Include="07_과제1.cpp">
      <Filter>Lesson\07_삼항 연산자 + 문자열</Filter>
    </ClCompile>
    <ClCompile Include="07_과제2.cpp">
      <Filter>Lesson\07_삼항 연산자 + 문자열</Filter>
    </ClCompile>
    <ClCompile Include="Example_13.cpp">
      <Filter>Lesson\08_사용자 정의 자료형 + 4대 문자열 + 포인터</Filter>
    </ClCompile>
    <ClCompile Include="Main_04.cpp">
      <Filter>Lesson\08_사용자 정의 자료형 + 4대 문자열 + 포인터</Filter>
    </ClCompile>
    <ClCompile Include="08_과제Main.cpp">
      <Filter>Lesson\08_사용자 정의 자료형 + 4대 문자열 + 포인터</Filter>
    </ClCompile>
    <ClCompile Include="08_과제1.cpp">
      <Filter>Lesson\08_사용자 정의 자료형 + 4대 문자열 + 포인터</Filter>
    </ClCompile>
    <ClCompile Include="08_과제2.cpp">
      <Filter>Lesson\08_사용자 정의 자료형 + 4대 문자열 + 포인터</Filter>
    </ClCompile>
    <ClCompile Include="08_과제3.cpp">
      <Filter>Lesson\08_사용자 정의 자료형 + 4대 문자열 + 포인터</Filter>
    </ClCompile>
    <ClCompile Include="08_과제4.cpp">
      <Filter>Lesson\08_사용자 정의 자료형 + 4대 문자열 + 포인터</Filter>
    </ClCompile>
    <ClCompile Include="Example_14.cpp">
      <Filter>Lesson\08_사용자 정의 자료형 + 4대 문자열 + 포인터</Filter>
    </ClCompile>
    <ClCompile Include="08_과제5.cpp">
      <Filter>Lesson\08_사용자 정의 자료형 + 4대 문자열 + 포인터</Filter>
    </ClCompile>
    <ClCompile Include="08_과제6.cpp">
      <Filter>Lesson\08_사용자 정의 자료형 + 4대 문자열 + 포인터</Filter>
    </ClCompile>
    <ClCompile Include="Example_15.cpp">
      <Filter>Lesson\08_사용자 정의 자료형 + 4대 문자열 + 포인터</Filter>
    </ClCompile>
    <ClCompile Include="08_과제7.cpp">
      <Filter>Lesson\08_사용자 정의 자료형 + 4대 문자열 + 포인터</Filter>
    </ClCompile>
    <ClCompile Include="08_과제8.cpp">
      <Filter>Lesson\08_사용자 정의 자료형 + 4대 문자열 + 포인터</Filter>
    </ClCompile>
    <ClCompile Include="MainGame.cpp">
      <Filter>Lesson\10_클래스</Filter>
    </ClCompile>
    <ClCompile Include="Main_05.cpp">
      <Filter>Lesson\10_클래스</Filter>
    </ClCompile>
    <ClCompile Include="10_과제1.cpp">
      <Filter>Lesson\10_클래스</Filter>
    </ClCompile>
    <ClCompile Include="10_과제Main.cpp">
      <Filter>Lesson\10_클래스</Filter>
    </ClCompile>
    <ClCompile Include="10_과제2.cpp">
      <Filter>Lesson\10_클래스</Filter>
    </ClCompile>
    <ClCompile Include="10_과제3.cpp">
      <Filter>Lesson\10_클래스</Filter>
    </ClCompile>
    <ClCompile Include="10_과제4.cpp">
      <Filter>Lesson\10_클래스</Filter>
    </ClCompile>
    <ClCompile Include="FamilyMember.cpp">
      <Filter>Lesson\10_클래스</Filter>
    </ClCompile>
    <ClCompile Include="RPS_Me.cpp">
      <Filter>Lesson\10_클래스</Filter>
    </ClCompile>
    <ClCompile Include="RPS_Opponent.cpp">
      <Filter>Lesson\10_클래스</Filter>
    </ClCompile>
    <ClCompile Include="FG_Player.cpp">
      <Filter>Lesson\10_클래스</Filter>
    </ClCompile>
    <ClCompile Include="FG_Enemy.cpp">
      <Filter>Lesson\10_클래스</Filter>
    </ClCompile>
    <ClCompile Include="FG_UI.cpp">
      <Filter>Lesson\10_클래스</Filter>
    </ClCompile>
    <ClCompile Include="MainGame_02.cpp">
      <Filter>Lesson\11_접근자+설정자</Filter>
    </ClCompile>
    <ClCompile Include="Main_06.cpp">
      <Filter>Lesson\11_접근자+설정자</Filter>
    </ClCompile>
    <ClCompile Include="Player_01.cpp">
      <Filter>Lesson\11_접근자+설정자</Filter>
    </ClCompile>
    <ClCompile Include="Main_07.cpp">
      <Filter>Lesson\12_상속</Filter>
    </ClCompile>
    <ClCompile Include="MainGame_03.cpp">
      <Filter>Lesson\12_상속</Filter>
    </ClCompile>
    <ClCompile Include="Unit.cpp">
      <Filter>Lesson\12_상속</Filter>
    </ClCompile>
    <ClCompile Include="Tank.cpp">
      <Filter>Lesson\12_상속</Filter>
    </ClCompile>
    <ClCompile Include="BattleCruiser.cpp">
      <Filter>Lesson\12_상속</Filter>
    </ClCompile>
    <ClCompile Include="11_과제Main.cpp">
      <Filter>Lesson\11_접근자+설정자</Filter>
    </ClCompile>
    <ClCompile Include="11_과제1.cpp">
      <Filter>Lesson\11_접근자+설정자</Filter>
    </ClCompile>
    <ClCompile Include="ABG_Enemy.cpp">
      <Filter>Lesson\11_접근자+설정자</Filter>
    </ClCompile>
    <ClCompile Include="ABG_Player.cpp">
      <Filter>Lesson\11_접근자+설정자</Filter>
    </ClCompile>
    <ClCompile Include="ABG_Portion.cpp">
      <Filter>Lesson\11_접근자+설정자</Filter>
    </ClCompile>
    <ClCompile Include="ABG_Equipment.cpp">
      <Filter>Lesson\11_접근자+설정자</Filter>
    </ClCompile>
    <ClCompile Include="Main_08.cpp">
      <Filter>Lesson\13_가상함수</Filter>
    </ClCompile>
    <ClCompile Include="MainGame_04.cpp">
      <Filter>Lesson\13_가상함수</Filter>
    </ClCompile>
    <ClCompile Include="13_과제Main.cpp">
      <Filter>Lesson\13_가상함수</Filter>
    </ClCompile>
    <ClCompile Include="13_과제1.cpp">
      <Filter>Lesson\13_가상함수\과제\과제1</Filter>
    </ClCompile>
    <ClCompile Include="AnswerFirstNum.cpp">
      <Filter>Lesson\13_가상함수\과제\과제1</Filter>
    </ClCompile>
    <ClCompile Include="AnswerSecondNum.cpp">
      <Filter>Lesson\13_가상함수\과제\과제1</Filter>
    </ClCompile>
    <ClCompile Include="AnswerThirdNum.cpp">
      <Filter>Lesson\13_가상함수\과제\과제1</Filter>
    </ClCompile>
    <ClCompile Include="Classes8.cpp">
      <Filter>Lesson\13_가상함수\과제\과제1</Filter>
    </ClCompile>
    <ClCompile Include="PlayerFirstNum.cpp">
      <Filter>Lesson\13_가상함수\과제\과제1</Filter>
    </ClCompile>
    <ClCompile Include="PlayerSecondNum.cpp">
      <Filter>Lesson\13_가상함수\과제\과제1</Filter>
    </ClCompile>
    <ClCompile Include="PlayerThirdNum.cpp">
      <Filter>Lesson\13_가상함수\과제\과제1</Filter>
    </ClCompile>
    <ClCompile Include="Referee.cpp">
      <Filter>Lesson\13_가상함수\과제\과제1</Filter>
    </ClCompile>
    <ClCompile Include="Virtualization.cpp">
      <Filter>Lesson\13_가상함수\과제\과제1</Filter>
    </ClCompile>
    <ClCompile Include="13_과제2.cpp">
      <Filter>Lesson\13_가상함수\과제\과제2</Filter>
    </ClCompile>
    <ClCompile Include="Answer.cpp">
      <Filter>Lesson\13_가상함수\과제\과제1</Filter>
    </ClCompile>
    <ClCompile Include="Num.cpp">
      <Filter>Lesson\13_가상함수\과제\과제1</Filter>
    </ClCompile>
    <ClCompile Include="PlayerNum.cpp">
      <Filter>Lesson\13_가상함수\과제\과제1</Filter>
    </ClCompile>
    <ClCompile Include="DoubleBuffering.cpp">
      <Filter>Lesson\13_가상함수\과제\과제2</Filter>
    </ClCompile>
  </ItemGroup>
  <ItemGroup>
    <Filter Include="Lesson">
      <UniqueIdentifier>{ad8eea7f-efb8-4c07-a8f0-0a9265ecd3f8}</UniqueIdentifier>
    </Filter>
    <Filter Include="Lesson\01_프로그래밍 입문">
      <UniqueIdentifier>{55c9c3c1-7aff-4ca6-bfb3-cafb3f4254ad}</UniqueIdentifier>
    </Filter>
    <Filter Include="Lesson\02_자료형+변수+난수%28C++ 11↓%29">
      <UniqueIdentifier>{7c59428d-96d0-457c-a505-7c05d72a0be6}</UniqueIdentifier>
    </Filter>
    <Filter Include="Lesson\03_반복문+연산자">
      <UniqueIdentifier>{882e6d7f-b0c3-4226-a5e3-c8e407d543ac}</UniqueIdentifier>
    </Filter>
    <Filter Include="Lesson\04_조건문">
      <UniqueIdentifier>{6954d6c4-06e6-4ac8-8ca3-a2cd0e13db16}</UniqueIdentifier>
    </Filter>
    <Filter Include="Lesson\05_함수 + 변/상수 + 전처리기">
      <UniqueIdentifier>{29e51d9f-af71-4f6f-835a-0792ae43ce0c}</UniqueIdentifier>
    </Filter>
    <Filter Include="Lesson\06_배열 + 난수 + 셔플">
      <UniqueIdentifier>{dc3bc58d-f9ca-4b10-8c3f-746cd47f5230}</UniqueIdentifier>
    </Filter>
    <Filter Include="Lesson\07_삼항 연산자 + 문자열">
      <UniqueIdentifier>{7248de77-8627-4bd3-b168-da929ef59072}</UniqueIdentifier>
    </Filter>
    <Filter Include="Lesson\08_사용자 정의 자료형 + 4대 문자열 + 포인터">
      <UniqueIdentifier>{ce08734a-f398-4e7a-ab01-bbf178b89912}</UniqueIdentifier>
    </Filter>
    <Filter Include="Lesson\10_클래스">
      <UniqueIdentifier>{9c45c74b-7458-40c0-a638-e1f387127510}</UniqueIdentifier>
    </Filter>
    <Filter Include="Lesson\11_접근자+설정자">
      <UniqueIdentifier>{77532da4-6462-4354-bee7-7491a0950c35}</UniqueIdentifier>
    </Filter>
    <Filter Include="Lesson\12_상속">
      <UniqueIdentifier>{d229d6d8-7b03-4aed-9314-2aaff1ca2225}</UniqueIdentifier>
    </Filter>
    <Filter Include="Lesson\13_가상함수">
      <UniqueIdentifier>{97b8d8d5-76f7-42df-93c8-6983e80deeef}</UniqueIdentifier>
    </Filter>
    <Filter Include="Lesson\13_가상함수\과제">
      <UniqueIdentifier>{6e881608-cffe-425e-accc-c853e81d46d9}</UniqueIdentifier>
    </Filter>
    <Filter Include="Lesson\13_가상함수\과제\과제1">
      <UniqueIdentifier>{fa08902d-95e9-40b5-a9f7-bb1fd62bece5}</UniqueIdentifier>
    </Filter>
    <Filter Include="Lesson\13_가상함수\과제\과제2">
      <UniqueIdentifier>{501030b0-194d-41f1-82b3-cf94d7481b9b}</UniqueIdentifier>
    </Filter>
  </ItemGroup>
  <ItemGroup>
    <ClInclude Include="Example_10.h">
      <Filter>Lesson\06_배열 + 난수 + 셔플</Filter>
    </ClInclude>
    <ClInclude Include="06_과제1.h">
      <Filter>Lesson\06_배열 + 난수 + 셔플</Filter>
    </ClInclude>
    <ClInclude Include="06_과제2.h">
      <Filter>Lesson\06_배열 + 난수 + 셔플</Filter>
    </ClInclude>
    <ClInclude Include="06_과제3.h">
      <Filter>Lesson\06_배열 + 난수 + 셔플</Filter>
    </ClInclude>
    <ClInclude Include="06_과제4.h">
      <Filter>Lesson\06_배열 + 난수 + 셔플</Filter>
    </ClInclude>
    <ClInclude Include="06_과제5.h">
      <Filter>Lesson\06_배열 + 난수 + 셔플</Filter>
    </ClInclude>
    <ClInclude Include="06_과제6.h">
      <Filter>Lesson\06_배열 + 난수 + 셔플</Filter>
    </ClInclude>
    <ClInclude Include="Example_12.h">
      <Filter>Lesson\07_삼항 연산자 + 문자열</Filter>
    </ClInclude>
    <ClInclude Include="07_과제1.h">
      <Filter>Lesson\07_삼항 연산자 + 문자열</Filter>
    </ClInclude>
    <ClInclude Include="07_과제2.h">
      <Filter>Lesson\07_삼항 연산자 + 문자열</Filter>
    </ClInclude>
    <ClInclude Include="Example_13.h">
      <Filter>Lesson\08_사용자 정의 자료형 + 4대 문자열 + 포인터</Filter>
    </ClInclude>
    <ClInclude Include="08_과제1.h">
      <Filter>Lesson\08_사용자 정의 자료형 + 4대 문자열 + 포인터</Filter>
    </ClInclude>
    <ClInclude Include="08_과제2.h">
      <Filter>Lesson\08_사용자 정의 자료형 + 4대 문자열 + 포인터</Filter>
    </ClInclude>
    <ClInclude Include="08_과제3.h">
      <Filter>Lesson\08_사용자 정의 자료형 + 4대 문자열 + 포인터</Filter>
    </ClInclude>
    <ClInclude Include="08_과제4.h">
      <Filter>Lesson\08_사용자 정의 자료형 + 4대 문자열 + 포인터</Filter>
    </ClInclude>
    <ClInclude Include="08_과제5.h">
      <Filter>Lesson\08_사용자 정의 자료형 + 4대 문자열 + 포인터</Filter>
    </ClInclude>
    <ClInclude Include="08_과제6.h">
      <Filter>Lesson\08_사용자 정의 자료형 + 4대 문자열 + 포인터</Filter>
    </ClInclude>
    <ClInclude Include="08_과제7.h">
      <Filter>Lesson\08_사용자 정의 자료형 + 4대 문자열 + 포인터</Filter>
    </ClInclude>
    <ClInclude Include="08_과제8.h">
      <Filter>Lesson\08_사용자 정의 자료형 + 4대 문자열 + 포인터</Filter>
    </ClInclude>
    <ClInclude Include="MainGame.h">
      <Filter>Lesson\10_클래스</Filter>
    </ClInclude>
    <ClInclude Include="10_과제1.h">
      <Filter>Lesson\10_클래스</Filter>
    </ClInclude>
    <ClInclude Include="10_과제2.h">
      <Filter>Lesson\10_클래스</Filter>
    </ClInclude>
    <ClInclude Include="10_과제3.h">
      <Filter>Lesson\10_클래스</Filter>
    </ClInclude>
    <ClInclude Include="10_과제4.h">
      <Filter>Lesson\10_클래스</Filter>
    </ClInclude>
    <ClInclude Include="FamilyMember.h">
      <Filter>Lesson\10_클래스</Filter>
    </ClInclude>
    <ClInclude Include="RPS_Me.h">
      <Filter>Lesson\10_클래스</Filter>
    </ClInclude>
    <ClInclude Include="RPS_Opponent.h">
      <Filter>Lesson\10_클래스</Filter>
    </ClInclude>
    <ClInclude Include="FG_Player.h">
      <Filter>Lesson\10_클래스</Filter>
    </ClInclude>
    <ClInclude Include="FG_Enemy.h">
      <Filter>Lesson\10_클래스</Filter>
    </ClInclude>
    <ClInclude Include="MainGame_02.h">
      <Filter>Lesson\11_접근자+설정자</Filter>
    </ClInclude>
    <ClInclude Include="FG_UI.h">
      <Filter>Lesson\10_클래스</Filter>
    </ClInclude>
    <ClInclude Include="Player_01.h">
      <Filter>Lesson\11_접근자+설정자</Filter>
    </ClInclude>
    <ClInclude Include="MainGame_03.h">
      <Filter>Lesson\12_상속</Filter>
    </ClInclude>
    <ClInclude Include="Unit.h">
      <Filter>Lesson\12_상속</Filter>
    </ClInclude>
    <ClInclude Include="Tank.h">
      <Filter>Lesson\12_상속</Filter>
    </ClInclude>
    <ClInclude Include="BattleCruiser.h">
      <Filter>Lesson\12_상속</Filter>
    </ClInclude>
    <ClInclude Include="11_과제1.h">
      <Filter>Lesson\11_접근자+설정자</Filter>
    </ClInclude>
    <ClInclude Include="ABG_Player.h">
      <Filter>Lesson\11_접근자+설정자</Filter>
    </ClInclude>
    <ClInclude Include="ABG_Enemy.h">
      <Filter>Lesson\11_접근자+설정자</Filter>
    </ClInclude>
    <ClInclude Include="ABG_Portion.h">
      <Filter>Lesson\11_접근자+설정자</Filter>
    </ClInclude>
    <ClInclude Include="ABG_Equipment.h">
      <Filter>Lesson\11_접근자+설정자</Filter>
    </ClInclude>
    <ClInclude Include="MainGame_04.h">
      <Filter>Lesson\13_가상함수</Filter>
    </ClInclude>
    <ClInclude Include="resource.h">
      <Filter>Lesson\13_가상함수</Filter>
    </ClInclude>
    <ClInclude Include="13_과제1.h">
      <Filter>Lesson\13_가상함수\과제\과제1</Filter>
    </ClInclude>
    <ClInclude Include="AnswerFirstNum.h">
      <Filter>Lesson\13_가상함수\과제\과제1</Filter>
    </ClInclude>
    <ClInclude Include="AnswerSecondNum.h">
      <Filter>Lesson\13_가상함수\과제\과제1</Filter>
    </ClInclude>
    <ClInclude Include="AnswerThirdNum.h">
      <Filter>Lesson\13_가상함수\과제\과제1</Filter>
    </ClInclude>
    <ClInclude Include="Classes8.h">
      <Filter>Lesson\13_가상함수\과제\과제1</Filter>
    </ClInclude>
    <ClInclude Include="PlayerFirstNum.h">
      <Filter>Lesson\13_가상함수\과제\과제1</Filter>
    </ClInclude>
    <ClInclude Include="PlayerSecondNum.h">
      <Filter>Lesson\13_가상함수\과제\과제1</Filter>
    </ClInclude>
    <ClInclude Include="PlayerThirdNum.h">
      <Filter>Lesson\13_가상함수\과제\과제1</Filter>
    </ClInclude>
    <ClInclude Include="Referee.h">
      <Filter>Lesson\13_가상함수\과제\과제1</Filter>
    </ClInclude>
    <ClInclude Include="Virtualization.h">
      <Filter>Lesson\13_가상함수\과제\과제1</Filter>
    </ClInclude>
    <ClInclude Include="13_과제2.h">
      <Filter>Lesson\13_가상함수\과제\과제2</Filter>
    </ClInclude>
    <ClInclude Include="Answer.h">
      <Filter>Lesson\13_가상함수\과제\과제1</Filter>
    </ClInclude>
    <ClInclude Include="Num.h">
      <Filter>Lesson\13_가상함수\과제\과제1</Filter>
    </ClInclude>
    <ClInclude Include="PlayerNum.h">
      <Filter>Lesson\13_가상함수\과제\과제1</Filter>
    </ClInclude>
    <ClInclude Include="DoubleBuffering.h">
      <Filter>Lesson\13_가상함수\과제\과제2</Filter>
    </ClInclude>
  </ItemGroup>
  <ItemGroup>
    <ResourceCompile Include="Console.rc" />
  </ItemGroup>
</Project>